
Microsoft Visual Studio Solution File, Format Version 12.00
# Visual Studio Version 17
VisualStudioVersion = 17.1.32421.90
MinimumVisualStudioVersion = 10.0.40219.1
Project("{9A19103F-16F7-4668-BE54-9A1E7A4F7556}") = "SingleResponsibilityPrinciple", "SingleResponsibilityPrinciple.csproj", "{E67A2435-03EB-42DF-80D3-C5C1445368D8}"
EndProject
Project("{9A19103F-16F7-4668-BE54-9A1E7A4F7556}") = "2-Open Closed Principle", "..\..\2-Open Closed Principle\2-Open Closed Principle\2-Open Closed Principle.csproj", "{259C9AEE-36BC-4963-8D2C-58B38416FD72}"
EndProject
Project("{FAE04EC0-301F-11D3-BF4B-00C04F79EFBC}") = "3-Liskov Substitution Principle", "..\..\3-Liskov Substitution Principle\3-Liskov Substitution Principle\3-Liskov Substitution Principle.csproj", "{3958FA59-C564-48F3-A1D6-165644A32B04}"
EndProject
Global
	GlobalSection(SolutionConfigurationPlatforms) = preSolution
		Debug|Any CPU = Debug|Any CPU
		Release|Any CPU = Release|Any CPU
	EndGlobalSection
	GlobalSection(ProjectConfigurationPlatforms) = postSolution
		{E67A2435-03EB-42DF-80D3-C5C1445368D8}.Debug|Any CPU.ActiveCfg = Debug|Any CPU
		{E67A2435-03EB-42DF-80D3-C5C1445368D8}.Debug|Any CPU.Build.0 = Debug|Any CPU
		{E67A2435-03EB-42DF-80D3-C5C1445368D8}.Release|Any CPU.ActiveCfg = Release|Any CPU
		{E67A2435-03EB-42DF-80D3-C5C1445368D8}.Release|Any CPU.Build.0 = Release|Any CPU
		{259C9AEE-36BC-4963-8D2C-58B38416FD72}.Debug|Any CPU.ActiveCfg = Debug|Any CPU
		{259C9AEE-36BC-4963-8D2C-58B38416FD72}.Debug|Any CPU.Build.0 = Debug|Any CPU
		{259C9AEE-36BC-4963-8D2C-58B38416FD72}.Release|Any CPU.ActiveCfg = Release|Any CPU
		{259C9AEE-36BC-4963-8D2C-58B38416FD72}.Release|Any CPU.Build.0 = Release|Any CPU
		{3958FA59-C564-48F3-A1D6-165644A32B04}.Debug|Any CPU.ActiveCfg = Debug|Any CPU
		{3958FA59-C564-48F3-A1D6-165644A32B04}.Debug|Any CPU.Build.0 = Debug|Any CPU
		{3958FA59-C564-48F3-A1D6-165644A32B04}.Release|Any CPU.ActiveCfg = Release|Any CPU
		{3958FA59-C564-48F3-A1D6-165644A32B04}.Release|Any CPU.Build.0 = Release|Any CPU
	EndGlobalSection
	GlobalSection(SolutionProperties) = preSolution
		HideSolutionNode = FALSE
	EndGlobalSection
	GlobalSection(ExtensibilityGlobals) = postSolution
		SolutionGuid = {386A397B-DDE4-4A1F-8FF5-2E906694BC44}
	EndGlobalSection
EndGlobal
